
Microsoft Visual Studio Solution File, Format Version 12.00
# Visual Studio Version 16
VisualStudioVersion = 16.0.32126.315
MinimumVisualStudioVersion = 10.0.40219.1
Project("{FAE04EC0-301F-11D3-BF4B-00C04F79EFBC}") = "Myapi", "Myapi\Myapi.csproj", "{6197A30D-8EB2-4B3B-9BDE-2DB2F2A6DFFA}"
EndProject
Global
	GlobalSection(SolutionConfigurationPlatforms) = preSolution
		Debug|Any CPU = Debug|Any CPU
		Release|Any CPU = Release|Any CPU
	EndGlobalSection
	GlobalSection(ProjectConfigurationPlatforms) = postSolution
		{6197A30D-8EB2-4B3B-9BDE-2DB2F2A6DFFA}.Debug|Any CPU.ActiveCfg = Debug|Any CPU
		{6197A30D-8EB2-4B3B-9BDE-2DB2F2A6DFFA}.Debug|Any CPU.Build.0 = Debug|Any CPU
		{6197A30D-8EB2-4B3B-9BDE-2DB2F2A6DFFA}.Release|Any CPU.ActiveCfg = Release|Any CPU
		{6197A30D-8EB2-4B3B-9BDE-2DB2F2A6DFFA}.Release|Any CPU.Build.0 = Release|Any CPU
	EndGlobalSection
	GlobalSection(SolutionProperties) = preSolution
		HideSolutionNode = FALSE
	EndGlobalSection
	GlobalSection(ExtensibilityGlobals) = postSolution
		SolutionGuid = {E797DD90-DCE5-4CBA-9F27-D964B63E69ED}
	EndGlobalSection
EndGlobal
